
Microsoft Visual Studio Solution File, Format Version 12.00
# Visual Studio Version 17
VisualStudioVersion = 17.8.34316.72
MinimumVisualStudioVersion = 10.0.40219.1
Project("{FAE04EC0-301F-11D3-BF4B-00C04F79EFBC}") = "Kursovaya", "Kursovaya.csproj", "{3C2412CB-6DE3-42C2-B82A-2F2718C7C6E1}"
EndProject
Global
	GlobalSection(SolutionConfigurationPlatforms) = preSolution
		Debug|Any CPU = Debug|Any CPU
		Release|Any CPU = Release|Any CPU
	EndGlobalSection
	GlobalSection(ProjectConfigurationPlatforms) = postSolution
		{3C2412CB-6DE3-42C2-B82A-2F2718C7C6E1}.Debug|Any CPU.ActiveCfg = Debug|Any CPU
		{3C2412CB-6DE3-42C2-B82A-2F2718C7C6E1}.Debug|Any CPU.Build.0 = Debug|Any CPU
		{3C2412CB-6DE3-42C2-B82A-2F2718C7C6E1}.Release|Any CPU.ActiveCfg = Release|Any CPU
		{3C2412CB-6DE3-42C2-B82A-2F2718C7C6E1}.Release|Any CPU.Build.0 = Release|Any CPU
	EndGlobalSection
	GlobalSection(SolutionProperties) = preSolution
		HideSolutionNode = FALSE
	EndGlobalSection
	GlobalSection(ExtensibilityGlobals) = postSolution
		SolutionGuid = {E62530BD-7800-4389-A766-AEF9149BFDBA}
	EndGlobalSection
EndGlobal
